
Microsoft Visual Studio Solution File, Format Version 12.00
# Visual Studio Version 16
VisualStudioVersion = 16.0.31613.86
MinimumVisualStudioVersion = 10.0.40219.1
Project("{FAE04EC0-301F-11D3-BF4B-00C04F79EFBC}") = "ProyectoMiniMarketWebApplication", "ProyectoMiniMarketWebApplication\ProyectoMiniMarketWebApplication.csproj", "{7501E68C-A38D-4692-8D00-227B96625DC6}"
EndProject
Project("{2150E333-8FDC-42A3-9474-1A3956D46DE8}") = "Database", "Database", "{C2851E08-908D-4E87-BF8C-85432439228F}"
EndProject
Project("{2150E333-8FDC-42A3-9474-1A3956D46DE8}") = "Views", "Views", "{E1F5E041-744D-4081-9C54-976FE6A0B8EE}"
EndProject
Project("{2150E333-8FDC-42A3-9474-1A3956D46DE8}") = "Models", "Models", "{E623BB16-4B4C-4BD8-B4E0-89538DC9FE65}"
EndProject
Project("{2150E333-8FDC-42A3-9474-1A3956D46DE8}") = "Controllers", "Controllers", "{97FF91FF-143D-491F-8EF9-5242579ED943}"
EndProject
Project("{FAE04EC0-301F-11D3-BF4B-00C04F79EFBC}") = "DatabaseMinimarket", "DatabaseMinimarket\DatabaseMinimarket.csproj", "{EB698E98-F425-4054-B060-A19ADD8ABE0B}"
EndProject
Project("{FAE04EC0-301F-11D3-BF4B-00C04F79EFBC}") = "ControllerMinimarket", "ControllerMinimarket\ControllerMinimarket.csproj", "{1A9BA5BC-D5F0-472C-9234-8CBC0D8D0BAA}"
EndProject
Project("{FAE04EC0-301F-11D3-BF4B-00C04F79EFBC}") = "ModelMinimarket", "ModelMinimarket\ModelMinimarket.csproj", "{7F94E625-7764-4E70-A165-2D37B869FB13}"
EndProject
Global
	GlobalSection(SolutionConfigurationPlatforms) = preSolution
		Debug|Any CPU = Debug|Any CPU
		Release|Any CPU = Release|Any CPU
	EndGlobalSection
	GlobalSection(ProjectConfigurationPlatforms) = postSolution
		{7501E68C-A38D-4692-8D00-227B96625DC6}.Debug|Any CPU.ActiveCfg = Debug|Any CPU
		{7501E68C-A38D-4692-8D00-227B96625DC6}.Debug|Any CPU.Build.0 = Debug|Any CPU
		{7501E68C-A38D-4692-8D00-227B96625DC6}.Release|Any CPU.ActiveCfg = Release|Any CPU
		{7501E68C-A38D-4692-8D00-227B96625DC6}.Release|Any CPU.Build.0 = Release|Any CPU
		{EB698E98-F425-4054-B060-A19ADD8ABE0B}.Debug|Any CPU.ActiveCfg = Debug|Any CPU
		{EB698E98-F425-4054-B060-A19ADD8ABE0B}.Debug|Any CPU.Build.0 = Debug|Any CPU
		{EB698E98-F425-4054-B060-A19ADD8ABE0B}.Release|Any CPU.ActiveCfg = Release|Any CPU
		{EB698E98-F425-4054-B060-A19ADD8ABE0B}.Release|Any CPU.Build.0 = Release|Any CPU
		{1A9BA5BC-D5F0-472C-9234-8CBC0D8D0BAA}.Debug|Any CPU.ActiveCfg = Debug|Any CPU
		{1A9BA5BC-D5F0-472C-9234-8CBC0D8D0BAA}.Debug|Any CPU.Build.0 = Debug|Any CPU
		{1A9BA5BC-D5F0-472C-9234-8CBC0D8D0BAA}.Release|Any CPU.ActiveCfg = Release|Any CPU
		{1A9BA5BC-D5F0-472C-9234-8CBC0D8D0BAA}.Release|Any CPU.Build.0 = Release|Any CPU
		{7F94E625-7764-4E70-A165-2D37B869FB13}.Debug|Any CPU.ActiveCfg = Debug|Any CPU
		{7F94E625-7764-4E70-A165-2D37B869FB13}.Debug|Any CPU.Build.0 = Debug|Any CPU
		{7F94E625-7764-4E70-A165-2D37B869FB13}.Release|Any CPU.ActiveCfg = Release|Any CPU
		{7F94E625-7764-4E70-A165-2D37B869FB13}.Release|Any CPU.Build.0 = Release|Any CPU
	EndGlobalSection
	GlobalSection(SolutionProperties) = preSolution
		HideSolutionNode = FALSE
	EndGlobalSection
	GlobalSection(NestedProjects) = preSolution
		{7501E68C-A38D-4692-8D00-227B96625DC6} = {E1F5E041-744D-4081-9C54-976FE6A0B8EE}
		{EB698E98-F425-4054-B060-A19ADD8ABE0B} = {C2851E08-908D-4E87-BF8C-85432439228F}
		{1A9BA5BC-D5F0-472C-9234-8CBC0D8D0BAA} = {97FF91FF-143D-491F-8EF9-5242579ED943}
		{7F94E625-7764-4E70-A165-2D37B869FB13} = {E623BB16-4B4C-4BD8-B4E0-89538DC9FE65}
	EndGlobalSection
	GlobalSection(ExtensibilityGlobals) = postSolution
		SolutionGuid = {C3D5BE10-E28F-4233-A5CA-55A6566ABDA7}
	EndGlobalSection
EndGlobal
